
Microsoft Visual Studio Solution File, Format Version 12.00
# Visual Studio 15
VisualStudioVersion = 15.0.27703.2026
MinimumVisualStudioVersion = 10.0.40219.1
Project("{8BC9CEB8-8B4A-11D0-8D11-00A0C91BC942}") = "VulkanTest", "VulkanTest\VulkanTest.vcxproj", "{65923453-1CE8-41FC-80FE-01DF2B9CD0FA}"
EndProject
Global
	GlobalSection(SolutionConfigurationPlatforms) = preSolution
		Debug|x64 = Debug|x64
		Debug|x86 = Debug|x86
		Release|x64 = Release|x64
		Release|x86 = Release|x86
	EndGlobalSection
	GlobalSection(ProjectConfigurationPlatforms) = postSolution
		{65923453-1CE8-41FC-80FE-01DF2B9CD0FA}.Debug|x64.ActiveCfg = Debug|x64
		{65923453-1CE8-41FC-80FE-01DF2B9CD0FA}.Debug|x64.Build.0 = Debug|x64
		{65923453-1CE8-41FC-80FE-01DF2B9CD0FA}.Debug|x86.ActiveCfg = Debug|Win32
		{65923453-1CE8-41FC-80FE-01DF2B9CD0FA}.Debug|x86.Build.0 = Debug|Win32
		{65923453-1CE8-41FC-80FE-01DF2B9CD0FA}.Release|x64.ActiveCfg = Release|x64
		{65923453-1CE8-41FC-80FE-01DF2B9CD0FA}.Release|x64.Build.0 = Release|x64
		{65923453-1CE8-41FC-80FE-01DF2B9CD0FA}.Release|x86.ActiveCfg = Release|Win32
		{65923453-1CE8-41FC-80FE-01DF2B9CD0FA}.Release|x86.Build.0 = Release|Win32
	EndGlobalSection
	GlobalSection(SolutionProperties) = preSolution
		HideSolutionNode = FALSE
	EndGlobalSection
	GlobalSection(ExtensibilityGlobals) = postSolution
		SolutionGuid = {DDF3736C-39A9-453D-84AD-7F44198EB8DA}
	EndGlobalSection
EndGlobal
